
Microsoft Visual Studio Solution File, Format Version 12.00
# Visual Studio Version 17
VisualStudioVersion = 17.8.34330.188
MinimumVisualStudioVersion = 10.0.40219.1
Project("{FAE04EC0-301F-11D3-BF4B-00C04F79EFBC}") = "Aula242ExFixLinq", "Aula242ExFixLinq\Aula242ExFixLinq.csproj", "{4C94BFDF-EADA-4F72-A9DC-81B0ADEC1679}"
EndProject
Global
	GlobalSection(SolutionConfigurationPlatforms) = preSolution
		Debug|Any CPU = Debug|Any CPU
		Release|Any CPU = Release|Any CPU
	EndGlobalSection
	GlobalSection(ProjectConfigurationPlatforms) = postSolution
		{4C94BFDF-EADA-4F72-A9DC-81B0ADEC1679}.Debug|Any CPU.ActiveCfg = Debug|Any CPU
		{4C94BFDF-EADA-4F72-A9DC-81B0ADEC1679}.Debug|Any CPU.Build.0 = Debug|Any CPU
		{4C94BFDF-EADA-4F72-A9DC-81B0ADEC1679}.Release|Any CPU.ActiveCfg = Release|Any CPU
		{4C94BFDF-EADA-4F72-A9DC-81B0ADEC1679}.Release|Any CPU.Build.0 = Release|Any CPU
	EndGlobalSection
	GlobalSection(SolutionProperties) = preSolution
		HideSolutionNode = FALSE
	EndGlobalSection
	GlobalSection(ExtensibilityGlobals) = postSolution
		SolutionGuid = {83202EF2-35D1-45A9-8EF6-35C2A8870DBC}
	EndGlobalSection
EndGlobal
